// !$*UTF8*$!
{
	archiveVersion = 1;
	classes = {
	};
	objectVersion = 56;
	objects = {

/* Begin PBXBuildFile section */
		DE51D53029FA29D800A47AC3 /* History.swift in Sources */ = {isa = PBXBuildFile; fileRef = DE51D52F29FA29D800A47AC3 /* History.swift */; };
		DE56C6DD2A06C23A00283352 /* CalendarView.swift in Sources */ = {isa = PBXBuildFile; fileRef = DE56C6DC2A06C23A00283352 /* CalendarView.swift */; };
		DE56C6DF2A06C27C00283352 /* Calendar.swift in Sources */ = {isa = PBXBuildFile; fileRef = DE56C6DE2A06C27C00283352 /* Calendar.swift */; };
		DE56C6E12A06C84200283352 /* Category.swift in Sources */ = {isa = PBXBuildFile; fileRef = DE56C6E02A06C84200283352 /* Category.swift */; };
		DE59466F2A8C713A00E7003D /* HomeViewModel.swift in Sources */ = {isa = PBXBuildFile; fileRef = DE59466E2A8C713A00E7003D /* HomeViewModel.swift */; };
		DE5946732A930AD200E7003D /* HomeView.swift in Sources */ = {isa = PBXBuildFile; fileRef = DE5946722A930AD200E7003D /* HomeView.swift */; };
		DE5946782A93C3B300E7003D /* AddItemModelView.swift in Sources */ = {isa = PBXBuildFile; fileRef = DE5946772A93C3B300E7003D /* AddItemModelView.swift */; };
		DE59467B2A944FF900E7003D /* HistoryViewModel.swift in Sources */ = {isa = PBXBuildFile; fileRef = DE59467A2A944FF900E7003D /* HistoryViewModel.swift */; };
		DE59467D2A94578500E7003D /* CoreDataManager.swift in Sources */ = {isa = PBXBuildFile; fileRef = DE59467C2A94578500E7003D /* CoreDataManager.swift */; };
		DE5B922F29F78EE60027C8A8 /* ExpireMateApp.swift in Sources */ = {isa = PBXBuildFile; fileRef = DE5B922E29F78EE60027C8A8 /* ExpireMateApp.swift */; };
		DE5B923329F78EE60027C8A8 /* Assets.xcassets in Resources */ = {isa = PBXBuildFile; fileRef = DE5B923229F78EE60027C8A8 /* Assets.xcassets */; };
		DE5B923629F78EE60027C8A8 /* Preview Assets.xcassets in Resources */ = {isa = PBXBuildFile; fileRef = DE5B923529F78EE60027C8A8 /* Preview Assets.xcassets */; };
		DE5B923829F78EE60027C8A8 /* Persistence.swift in Sources */ = {isa = PBXBuildFile; fileRef = DE5B923729F78EE60027C8A8 /* Persistence.swift */; };
		DE5B923B29F78EE60027C8A8 /* ExpireMate.xcdatamodeld in Sources */ = {isa = PBXBuildFile; fileRef = DE5B923929F78EE60027C8A8 /* ExpireMate.xcdatamodeld */; };
		DE5B924329F78F080027C8A8 /* Home.swift in Sources */ = {isa = PBXBuildFile; fileRef = DE5B924229F78F080027C8A8 /* Home.swift */; };
		DE5B924529F78F370027C8A8 /* AddItems.swift in Sources */ = {isa = PBXBuildFile; fileRef = DE5B924429F78F370027C8A8 /* AddItems.swift */; };
		DE5B924829F790D10027C8A8 /* DataController.swift in Sources */ = {isa = PBXBuildFile; fileRef = DE5B924729F790D10027C8A8 /* DataController.swift */; };
		DE5B924F29F7AEA00027C8A8 /* AppDelegate.swift in Sources */ = {isa = PBXBuildFile; fileRef = DE5B924E29F7AEA00027C8A8 /* AppDelegate.swift */; };
		DE5B926829F8BFFE0027C8A8 /* CodeScanner in Frameworks */ = {isa = PBXBuildFile; productRef = DE5B926729F8BFFE0027C8A8 /* CodeScanner */; };
		DEDC0F1B2A1D0A7C0027D9FB /* ItemListing.swift in Sources */ = {isa = PBXBuildFile; fileRef = DEDC0F1A2A1D0A7C0027D9FB /* ItemListing.swift */; };
		DEDC0F1E2A1D0BB60027D9FB /* ItemListViewModel.swift in Sources */ = {isa = PBXBuildFile; fileRef = DEDC0F1D2A1D0BB60027D9FB /* ItemListViewModel.swift */; };
		DEDC0F4F2A1FAD610027D9FB /* Detail.swift in Sources */ = {isa = PBXBuildFile; fileRef = DEDC0F4E2A1FAD610027D9FB /* Detail.swift */; };
		DEEB161129FE1B5C00206792 /* SceneDelegate.swift in Sources */ = {isa = PBXBuildFile; fileRef = DEEB161029FE1B5C00206792 /* SceneDelegate.swift */; };
		DEF54F102A1214E6005763B1 /* SwiftUICharts in Frameworks */ = {isa = PBXBuildFile; productRef = DEF54F0F2A1214E6005763B1 /* SwiftUICharts */; };
/* End PBXBuildFile section */

/* Begin PBXFileReference section */
		DE51D52F29FA29D800A47AC3 /* History.swift */ = {isa = PBXFileReference; lastKnownFileType = sourcecode.swift; path = History.swift; sourceTree = "<group>"; };
		DE56C6DC2A06C23A00283352 /* CalendarView.swift */ = {isa = PBXFileReference; lastKnownFileType = sourcecode.swift; path = CalendarView.swift; sourceTree = "<group>"; };
		DE56C6DE2A06C27C00283352 /* Calendar.swift */ = {isa = PBXFileReference; lastKnownFileType = sourcecode.swift; path = Calendar.swift; sourceTree = "<group>"; };
		DE56C6E02A06C84200283352 /* Category.swift */ = {isa = PBXFileReference; lastKnownFileType = sourcecode.swift; path = Category.swift; sourceTree = "<group>"; };
		DE59466E2A8C713A00E7003D /* HomeViewModel.swift */ = {isa = PBXFileReference; lastKnownFileType = sourcecode.swift; path = HomeViewModel.swift; sourceTree = "<group>"; };
		DE5946722A930AD200E7003D /* HomeView.swift */ = {isa = PBXFileReference; lastKnownFileType = sourcecode.swift; path = HomeView.swift; sourceTree = "<group>"; };
		DE5946772A93C3B300E7003D /* AddItemModelView.swift */ = {isa = PBXFileReference; lastKnownFileType = sourcecode.swift; path = AddItemModelView.swift; sourceTree = "<group>"; };
		DE59467A2A944FF900E7003D /* HistoryViewModel.swift */ = {isa = PBXFileReference; lastKnownFileType = sourcecode.swift; path = HistoryViewModel.swift; sourceTree = "<group>"; };
		DE59467C2A94578500E7003D /* CoreDataManager.swift */ = {isa = PBXFileReference; lastKnownFileType = sourcecode.swift; path = CoreDataManager.swift; sourceTree = "<group>"; };
		DE5B922B29F78EE60027C8A8 /* ExpireMate.app */ = {isa = PBXFileReference; explicitFileType = wrapper.application; includeInIndex = 0; path = ExpireMate.app; sourceTree = BUILT_PRODUCTS_DIR; };
		DE5B922E29F78EE60027C8A8 /* ExpireMateApp.swift */ = {isa = PBXFileReference; lastKnownFileType = sourcecode.swift; path = ExpireMateApp.swift; sourceTree = "<group>"; };
		DE5B923229F78EE60027C8A8 /* Assets.xcassets */ = {isa = PBXFileReference; lastKnownFileType = folder.assetcatalog; path = Assets.xcassets; sourceTree = "<group>"; };
		DE5B923529F78EE60027C8A8 /* Preview Assets.xcassets */ = {isa = PBXFileReference; lastKnownFileType = folder.assetcatalog; path = "Preview Assets.xcassets"; sourceTree = "<group>"; };
		DE5B923729F78EE60027C8A8 /* Persistence.swift */ = {isa = PBXFileReference; lastKnownFileType = sourcecode.swift; path = Persistence.swift; sourceTree = "<group>"; };
		DE5B923A29F78EE60027C8A8 /* ExpireMate.xcdatamodel */ = {isa = PBXFileReference; lastKnownFileType = wrapper.xcdatamodel; path = ExpireMate.xcdatamodel; sourceTree = "<group>"; };
		DE5B923C29F78EE60027C8A8 /* Info.plist */ = {isa = PBXFileReference; lastKnownFileType = text.plist.xml; path = Info.plist; sourceTree = "<group>"; };
		DE5B924229F78F080027C8A8 /* Home.swift */ = {isa = PBXFileReference; lastKnownFileType = sourcecode.swift; path = Home.swift; sourceTree = "<group>"; };
		DE5B924429F78F370027C8A8 /* AddItems.swift */ = {isa = PBXFileReference; lastKnownFileType = sourcecode.swift; path = AddItems.swift; sourceTree = "<group>"; };
		DE5B924729F790D10027C8A8 /* DataController.swift */ = {isa = PBXFileReference; lastKnownFileType = sourcecode.swift; path = DataController.swift; sourceTree = "<group>"; };
		DE5B924E29F7AEA00027C8A8 /* AppDelegate.swift */ = {isa = PBXFileReference; lastKnownFileType = sourcecode.swift; path = AppDelegate.swift; sourceTree = "<group>"; };
		DEDC0F182A1D09BE0027D9FB /* ExpireMate.entitlements */ = {isa = PBXFileReference; lastKnownFileType = text.plist.entitlements; path = ExpireMate.entitlements; sourceTree = "<group>"; };
		DEDC0F1A2A1D0A7C0027D9FB /* ItemListing.swift */ = {isa = PBXFileReference; lastKnownFileType = sourcecode.swift; path = ItemListing.swift; sourceTree = "<group>"; };
		DEDC0F1D2A1D0BB60027D9FB /* ItemListViewModel.swift */ = {isa = PBXFileReference; lastKnownFileType = sourcecode.swift; path = ItemListViewModel.swift; sourceTree = "<group>"; };
		DEDC0F4E2A1FAD610027D9FB /* Detail.swift */ = {isa = PBXFileReference; lastKnownFileType = sourcecode.swift; path = Detail.swift; sourceTree = "<group>"; };
		DEEB161029FE1B5C00206792 /* SceneDelegate.swift */ = {isa = PBXFileReference; lastKnownFileType = sourcecode.swift; path = SceneDelegate.swift; sourceTree = "<group>"; };
/* End PBXFileReference section */

/* Begin PBXFrameworksBuildPhase section */
		DE5B922829F78EE60027C8A8 /* Frameworks */ = {
			isa = PBXFrameworksBuildPhase;
			buildActionMask = 2147483647;
			files = (
				DE5B926829F8BFFE0027C8A8 /* CodeScanner in Frameworks */,
				DEF54F102A1214E6005763B1 /* SwiftUICharts in Frameworks */,
			);
			runOnlyForDeploymentPostprocessing = 0;
		};
/* End PBXFrameworksBuildPhase section */

/* Begin PBXGroup section */
		DE5946702A930AA300E7003D /* Modules */ = {
			isa = PBXGroup;
			children = (
				DE5946792A94375400E7003D /* History */,
				DE5946742A93C37500E7003D /* AddItem */,
				DE5946712A930AC700E7003D /* Home */,
			);
			path = Modules;
			sourceTree = "<group>";
		};
		DE5946712A930AC700E7003D /* Home */ = {
			isa = PBXGroup;
			children = (
				DE5946722A930AD200E7003D /* HomeView.swift */,
				DE59466E2A8C713A00E7003D /* HomeViewModel.swift */,
			);
			path = Home;
			sourceTree = "<group>";
		};
		DE5946742A93C37500E7003D /* AddItem */ = {
			isa = PBXGroup;
			children = (
				DE5B924429F78F370027C8A8 /* AddItems.swift */,
				DE5946772A93C3B300E7003D /* AddItemModelView.swift */,
			);
			path = AddItem;
			sourceTree = "<group>";
		};
		DE5946792A94375400E7003D /* History */ = {
			isa = PBXGroup;
			children = (
				DE51D52F29FA29D800A47AC3 /* History.swift */,
				DE59467A2A944FF900E7003D /* HistoryViewModel.swift */,
			);
			path = History;
			sourceTree = "<group>";
		};
		DE5B922229F78EE60027C8A8 = {
			isa = PBXGroup;
			children = (
				DE5B922D29F78EE60027C8A8 /* ExpireMate */,
				DE5B922C29F78EE60027C8A8 /* Products */,
			);
			sourceTree = "<group>";
		};
		DE5B922C29F78EE60027C8A8 /* Products */ = {
			isa = PBXGroup;
			children = (
				DE5B922B29F78EE60027C8A8 /* ExpireMate.app */,
			);
			name = Products;
			sourceTree = "<group>";
		};
		DE5B922D29F78EE60027C8A8 /* ExpireMate */ = {
			isa = PBXGroup;
			children = (
				DE5946702A930AA300E7003D /* Modules */,
				DEDC0F1C2A1D0B9E0027D9FB /* ViewModel */,
				DEDC0F192A1D0A630027D9FB /* Model */,
				DEDC0F182A1D09BE0027D9FB /* ExpireMate.entitlements */,
				DE5B922E29F78EE60027C8A8 /* ExpireMateApp.swift */,
				DE5B926929F8C0230027C8A8 /* View */,
				DE5B924929F79C830027C8A8 /* Helper */,
				DE5B924629F790BE0027C8A8 /* DataModel */,
				DE5B923229F78EE60027C8A8 /* Assets.xcassets */,
				DE5B923729F78EE60027C8A8 /* Persistence.swift */,
				DE5B923C29F78EE60027C8A8 /* Info.plist */,
				DE5B923929F78EE60027C8A8 /* ExpireMate.xcdatamodeld */,
				DE5B923429F78EE60027C8A8 /* Preview Content */,
			);
			path = ExpireMate;
			sourceTree = "<group>";
		};
		DE5B923429F78EE60027C8A8 /* Preview Content */ = {
			isa = PBXGroup;
			children = (
				DE5B923529F78EE60027C8A8 /* Preview Assets.xcassets */,
			);
			path = "Preview Content";
			sourceTree = "<group>";
		};
		DE5B924629F790BE0027C8A8 /* DataModel */ = {
			isa = PBXGroup;
			children = (
				DE5B924729F790D10027C8A8 /* DataController.swift */,
			);
			path = DataModel;
			sourceTree = "<group>";
		};
		DE5B924929F79C830027C8A8 /* Helper */ = {
			isa = PBXGroup;
			children = (
				DE5B924E29F7AEA00027C8A8 /* AppDelegate.swift */,
				DEEB161029FE1B5C00206792 /* SceneDelegate.swift */,
				DE56C6DE2A06C27C00283352 /* Calendar.swift */,
				DE56C6E02A06C84200283352 /* Category.swift */,
				DE59467C2A94578500E7003D /* CoreDataManager.swift */,
			);
			path = Helper;
			sourceTree = "<group>";
		};
		DE5B926929F8C0230027C8A8 /* View */ = {
			isa = PBXGroup;
			children = (
				DE5B924229F78F080027C8A8 /* Home.swift */,
				DE56C6DC2A06C23A00283352 /* CalendarView.swift */,
				DEDC0F4E2A1FAD610027D9FB /* Detail.swift */,
			);
			path = View;
			sourceTree = "<group>";
		};
		DEDC0F192A1D0A630027D9FB /* Model */ = {
			isa = PBXGroup;
			children = (
				DEDC0F1A2A1D0A7C0027D9FB /* ItemListing.swift */,
			);
			path = Model;
			sourceTree = "<group>";
		};
		DEDC0F1C2A1D0B9E0027D9FB /* ViewModel */ = {
			isa = PBXGroup;
			children = (
				DEDC0F1D2A1D0BB60027D9FB /* ItemListViewModel.swift */,
			);
			path = ViewModel;
			sourceTree = "<group>";
		};
/* End PBXGroup section */

/* Begin PBXNativeTarget section */
		DE5B922A29F78EE60027C8A8 /* ExpireMate */ = {
			isa = PBXNativeTarget;
			buildConfigurationList = DE5B923F29F78EE60027C8A8 /* Build configuration list for PBXNativeTarget "ExpireMate" */;
			buildPhases = (
				DE5B922729F78EE60027C8A8 /* Sources */,
				DE5B922829F78EE60027C8A8 /* Frameworks */,
				DE5B922929F78EE60027C8A8 /* Resources */,
				DE59467E2A9464ED00E7003D /* ShellScript */,
			);
			buildRules = (
			);
			dependencies = (
			);
			name = ExpireMate;
			packageProductDependencies = (
				DE5B926729F8BFFE0027C8A8 /* CodeScanner */,
				DEF54F0F2A1214E6005763B1 /* SwiftUICharts */,
			);
			productName = ExpireMate;
			productReference = DE5B922B29F78EE60027C8A8 /* ExpireMate.app */;
			productType = "com.apple.product-type.application";
		};
/* End PBXNativeTarget section */

/* Begin PBXProject section */
		DE5B922329F78EE60027C8A8 /* Project object */ = {
			isa = PBXProject;
			attributes = {
				BuildIndependentTargetsInParallel = 1;
				LastSwiftUpdateCheck = 1430;
				LastUpgradeCheck = 1430;
				TargetAttributes = {
					DE5B922A29F78EE60027C8A8 = {
						CreatedOnToolsVersion = 14.3;
					};
				};
			};
			buildConfigurationList = DE5B922629F78EE60027C8A8 /* Build configuration list for PBXProject "ExpireMate" */;
			compatibilityVersion = "Xcode 14.0";
			developmentRegion = en;
			hasScannedForEncodings = 0;
			knownRegions = (
				en,
				Base,
			);
			mainGroup = DE5B922229F78EE60027C8A8;
			packageReferences = (
				DE5B926629F8BFFE0027C8A8 /* XCRemoteSwiftPackageReference "CodeScanner" */,
				DEF54F0E2A1214E6005763B1 /* XCRemoteSwiftPackageReference "ChartView" */,
			);
			productRefGroup = DE5B922C29F78EE60027C8A8 /* Products */;
			projectDirPath = "";
			projectRoot = "";
			targets = (
				DE5B922A29F78EE60027C8A8 /* ExpireMate */,
			);
		};
/* End PBXProject section */

/* Begin PBXResourcesBuildPhase section */
		DE5B922929F78EE60027C8A8 /* Resources */ = {
			isa = PBXResourcesBuildPhase;
			buildActionMask = 2147483647;
			files = (
				DE5B923629F78EE60027C8A8 /* Preview Assets.xcassets in Resources */,
				DE5B923329F78EE60027C8A8 /* Assets.xcassets in Resources */,
			);
			runOnlyForDeploymentPostprocessing = 0;
		};
/* End PBXResourcesBuildPhase section */

/* Begin PBXShellScriptBuildPhase section */
		DE59467E2A9464ED00E7003D /* ShellScript */ = {
			isa = PBXShellScriptBuildPhase;
			buildActionMask = 2147483647;
			files = (
			);
			inputFileListPaths = (
			);
			inputPaths = (
			);
			outputFileListPaths = (
			);
			outputPaths = (
			);
			runOnlyForDeploymentPostprocessing = 0;
			shellPath = /bin/sh;
			shellScript = "# Type a script or drag a script file from your workspace to insert its path.\n\n";
		};
/* End PBXShellScriptBuildPhase section */

/* Begin PBXSourcesBuildPhase section */
		DE5B922729F78EE60027C8A8 /* Sources */ = {
			isa = PBXSourcesBuildPhase;
			buildActionMask = 2147483647;
			files = (
				DE59466F2A8C713A00E7003D /* HomeViewModel.swift in Sources */,
				DE56C6DD2A06C23A00283352 /* CalendarView.swift in Sources */,
				DE5B924829F790D10027C8A8 /* DataController.swift in Sources */,
				DE5B923829F78EE60027C8A8 /* Persistence.swift in Sources */,
				DE5B924329F78F080027C8A8 /* Home.swift in Sources */,
				DE59467B2A944FF900E7003D /* HistoryViewModel.swift in Sources */,
				DE5946732A930AD200E7003D /* HomeView.swift in Sources */,
				DE51D53029FA29D800A47AC3 /* History.swift in Sources */,
				DE5946782A93C3B300E7003D /* AddItemModelView.swift in Sources */,
				DE5B922F29F78EE60027C8A8 /* ExpireMateApp.swift in Sources */,
				DEDC0F1E2A1D0BB60027D9FB /* ItemListViewModel.swift in Sources */,
				DE56C6DF2A06C27C00283352 /* Calendar.swift in Sources */,
				DE5B924529F78F370027C8A8 /* AddItems.swift in Sources */,
				DEDC0F4F2A1FAD610027D9FB /* Detail.swift in Sources */,
				DE56C6E12A06C84200283352 /* Category.swift in Sources */,
				DEEB161129FE1B5C00206792 /* SceneDelegate.swift in Sources */,
				DEDC0F1B2A1D0A7C0027D9FB /* ItemListing.swift in Sources */,
				DE5B924F29F7AEA00027C8A8 /* AppDelegate.swift in Sources */,
				DE59467D2A94578500E7003D /* CoreDataManager.swift in Sources */,
				DE5B923B29F78EE60027C8A8 /* ExpireMate.xcdatamodeld in Sources */,
			);
			runOnlyForDeploymentPostprocessing = 0;
		};
/* End PBXSourcesBuildPhase section */

/* Begin XCBuildConfiguration section */
		DE5B923D29F78EE60027C8A8 /* Debug */ = {
			isa = XCBuildConfiguration;
			buildSettings = {
				ALWAYS_SEARCH_USER_PATHS = NO;
				CLANG_ANALYZER_NONNULL = YES;
				CLANG_ANALYZER_NUMBER_OBJECT_CONVERSION = YES_AGGRESSIVE;
				CLANG_CXX_LANGUAGE_STANDARD = "gnu++20";
				CLANG_ENABLE_MODULES = YES;
				CLANG_ENABLE_OBJC_ARC = YES;
				CLANG_ENABLE_OBJC_WEAK = YES;
				CLANG_WARN_BLOCK_CAPTURE_AUTORELEASING = YES;
				CLANG_WARN_BOOL_CONVERSION = YES;
				CLANG_WARN_COMMA = YES;
				CLANG_WARN_CONSTANT_CONVERSION = YES;
				CLANG_WARN_DEPRECATED_OBJC_IMPLEMENTATIONS = YES;
				CLANG_WARN_DIRECT_OBJC_ISA_USAGE = YES_ERROR;
				CLANG_WARN_DOCUMENTATION_COMMENTS = YES;
				CLANG_WARN_EMPTY_BODY = YES;
				CLANG_WARN_ENUM_CONVERSION = YES;
				CLANG_WARN_INFINITE_RECURSION = YES;
				CLANG_WARN_INT_CONVERSION = YES;
				CLANG_WARN_NON_LITERAL_NULL_CONVERSION = YES;
				CLANG_WARN_OBJC_IMPLICIT_RETAIN_SELF = YES;
				CLANG_WARN_OBJC_LITERAL_CONVERSION = YES;
				CLANG_WARN_OBJC_ROOT_CLASS = YES_ERROR;
				CLANG_WARN_QUOTED_INCLUDE_IN_FRAMEWORK_HEADER = YES;
				CLANG_WARN_RANGE_LOOP_ANALYSIS = YES;
				CLANG_WARN_STRICT_PROTOTYPES = YES;
				CLANG_WARN_SUSPICIOUS_MOVE = YES;
				CLANG_WARN_UNGUARDED_AVAILABILITY = YES_AGGRESSIVE;
				CLANG_WARN_UNREACHABLE_CODE = YES;
				CLANG_WARN__DUPLICATE_METHOD_MATCH = YES;
				COPY_PHASE_STRIP = NO;
				DEBUG_INFORMATION_FORMAT = dwarf;
				ENABLE_STRICT_OBJC_MSGSEND = YES;
				ENABLE_TESTABILITY = YES;
				GCC_C_LANGUAGE_STANDARD = gnu11;
				GCC_DYNAMIC_NO_PIC = NO;
				GCC_NO_COMMON_BLOCKS = YES;
				GCC_OPTIMIZATION_LEVEL = 0;
				GCC_PREPROCESSOR_DEFINITIONS = (
					"DEBUG=1",
					"$(inherited)",
				);
				GCC_WARN_64_TO_32_BIT_CONVERSION = YES;
				GCC_WARN_ABOUT_RETURN_TYPE = YES_ERROR;
				GCC_WARN_UNDECLARED_SELECTOR = YES;
				GCC_WARN_UNINITIALIZED_AUTOS = YES_AGGRESSIVE;
				GCC_WARN_UNUSED_FUNCTION = YES;
				GCC_WARN_UNUSED_VARIABLE = YES;
				IPHONEOS_DEPLOYMENT_TARGET = 16.4;
				MTL_ENABLE_DEBUG_INFO = INCLUDE_SOURCE;
				MTL_FAST_MATH = YES;
				ONLY_ACTIVE_ARCH = YES;
				SDKROOT = iphoneos;
				SWIFT_ACTIVE_COMPILATION_CONDITIONS = DEBUG;
				SWIFT_OPTIMIZATION_LEVEL = "-Onone";
			};
			name = Debug;
		};
		DE5B923E29F78EE60027C8A8 /* Release */ = {
			isa = XCBuildConfiguration;
			buildSettings = {
				ALWAYS_SEARCH_USER_PATHS = NO;
				CLANG_ANALYZER_NONNULL = YES;
				CLANG_ANALYZER_NUMBER_OBJECT_CONVERSION = YES_AGGRESSIVE;
				CLANG_CXX_LANGUAGE_STANDARD = "gnu++20";
				CLANG_ENABLE_MODULES = YES;
				CLANG_ENABLE_OBJC_ARC = YES;
				CLANG_ENABLE_OBJC_WEAK = YES;
				CLANG_WARN_BLOCK_CAPTURE_AUTORELEASING = YES;
				CLANG_WARN_BOOL_CONVERSION = YES;
				CLANG_WARN_COMMA = YES;
				CLANG_WARN_CONSTANT_CONVERSION = YES;
				CLANG_WARN_DEPRECATED_OBJC_IMPLEMENTATIONS = YES;
				CLANG_WARN_DIRECT_OBJC_ISA_USAGE = YES_ERROR;
				CLANG_WARN_DOCUMENTATION_COMMENTS = YES;
				CLANG_WARN_EMPTY_BODY = YES;
				CLANG_WARN_ENUM_CONVERSION = YES;
				CLANG_WARN_INFINITE_RECURSION = YES;
				CLANG_WARN_INT_CONVERSION = YES;
				CLANG_WARN_NON_LITERAL_NULL_CONVERSION = YES;
				CLANG_WARN_OBJC_IMPLICIT_RETAIN_SELF = YES;
				CLANG_WARN_OBJC_LITERAL_CONVERSION = YES;
				CLANG_WARN_OBJC_ROOT_CLASS = YES_ERROR;
				CLANG_WARN_QUOTED_INCLUDE_IN_FRAMEWORK_HEADER = YES;
				CLANG_WARN_RANGE_LOOP_ANALYSIS = YES;
				CLANG_WARN_STRICT_PROTOTYPES = YES;
				CLANG_WARN_SUSPICIOUS_MOVE = YES;
				CLANG_WARN_UNGUARDED_AVAILABILITY = YES_AGGRESSIVE;
				CLANG_WARN_UNREACHABLE_CODE = YES;
				CLANG_WARN__DUPLICATE_METHOD_MATCH = YES;
				COPY_PHASE_STRIP = NO;
				DEBUG_INFORMATION_FORMAT = "dwarf-with-dsym";
				ENABLE_NS_ASSERTIONS = NO;
				ENABLE_STRICT_OBJC_MSGSEND = YES;
				GCC_C_LANGUAGE_STANDARD = gnu11;
				GCC_NO_COMMON_BLOCKS = YES;
				GCC_WARN_64_TO_32_BIT_CONVERSION = YES;
				GCC_WARN_ABOUT_RETURN_TYPE = YES_ERROR;
				GCC_WARN_UNDECLARED_SELECTOR = YES;
				GCC_WARN_UNINITIALIZED_AUTOS = YES_AGGRESSIVE;
				GCC_WARN_UNUSED_FUNCTION = YES;
				GCC_WARN_UNUSED_VARIABLE = YES;
				IPHONEOS_DEPLOYMENT_TARGET = 16.4;
				MTL_ENABLE_DEBUG_INFO = NO;
				MTL_FAST_MATH = YES;
				SDKROOT = iphoneos;
				SWIFT_COMPILATION_MODE = wholemodule;
				SWIFT_OPTIMIZATION_LEVEL = "-O";
				VALIDATE_PRODUCT = YES;
			};
			name = Release;
		};
		DE5B924029F78EE60027C8A8 /* Debug */ = {
			isa = XCBuildConfiguration;
			buildSettings = {
				ASSETCATALOG_COMPILER_APPICON_NAME = AppIcon;
				ASSETCATALOG_COMPILER_GLOBAL_ACCENT_COLOR_NAME = AccentColor;
				CODE_SIGN_ENTITLEMENTS = ExpireMate/ExpireMate.entitlements;
				CODE_SIGN_STYLE = Automatic;
				CURRENT_PROJECT_VERSION = 1;
				DEVELOPMENT_ASSET_PATHS = "\"ExpireMate/Preview Content\"";
				DEVELOPMENT_TEAM = PHLTY62QB3;
				ENABLE_PREVIEWS = YES;
				GENERATE_INFOPLIST_FILE = YES;
				INFOPLIST_KEY_CFBundleDisplayName = ExpiredMate;
				INFOPLIST_KEY_NSCalendarsUsageDescription = "This app uses the calendar to reminder expire date";
				INFOPLIST_KEY_NSCameraUsageDescription = "This app uses the camera to scan text ";
				INFOPLIST_KEY_UIApplicationSceneManifest_Generation = YES;
				INFOPLIST_KEY_UIApplicationSupportsIndirectInputEvents = YES;
				INFOPLIST_KEY_UILaunchScreen_Generation = YES;
				INFOPLIST_KEY_UISupportedInterfaceOrientations = UIInterfaceOrientationPortrait;
				INFOPLIST_KEY_UISupportedInterfaceOrientations_iPad = "UIInterfaceOrientationLandscapeLeft UIInterfaceOrientationLandscapeRight UIInterfaceOrientationPortrait UIInterfaceOrientationPortraitUpsideDown";
				LD_RUNPATH_SEARCH_PATHS = (
					"$(inherited)",
					"@executable_path/Frameworks",
				);
				MARKETING_VERSION = 1.0;
				PRODUCT_BUNDLE_IDENTIFIER = com.luthfiasmaraaa.ExpireMate;
				PRODUCT_NAME = "$(TARGET_NAME)";
				SWIFT_EMIT_LOC_STRINGS = YES;
				SWIFT_VERSION = 5.0;
				TARGETED_DEVICE_FAMILY = "1,2";
			};
			name = Debug;
		};
		DE5B924129F78EE60027C8A8 /* Release */ = {
			isa = XCBuildConfiguration;
			buildSettings = {
				ASSETCATALOG_COMPILER_APPICON_NAME = AppIcon;
				ASSETCATALOG_COMPILER_GLOBAL_ACCENT_COLOR_NAME = AccentColor;
				CODE_SIGN_ENTITLEMENTS = ExpireMate/ExpireMate.entitlements;
				CODE_SIGN_STYLE = Automatic;
				CURRENT_PROJECT_VERSION = 1;
				DEVELOPMENT_ASSET_PATHS = "\"ExpireMate/Preview Content\"";
				DEVELOPMENT_TEAM = PHLTY62QB3;
				ENABLE_PREVIEWS = YES;
				GENERATE_INFOPLIST_FILE = YES;
				INFOPLIST_KEY_CFBundleDisplayName = ExpiredMate;
				INFOPLIST_KEY_NSCalendarsUsageDescription = "This app uses the calendar to reminder expire date";
				INFOPLIST_KEY_NSCameraUsageDescription = "This app uses the camera to scan text ";
				INFOPLIST_KEY_UIApplicationSceneManifest_Generation = YES;
				INFOPLIST_KEY_UIApplicationSupportsIndirectInputEvents = YES;
				INFOPLIST_KEY_UILaunchScreen_Generation = YES;
				INFOPLIST_KEY_UISupportedInterfaceOrientations = UIInterfaceOrientationPortrait;
				INFOPLIST_KEY_UISupportedInterfaceOrientations_iPad = "UIInterfaceOrientationLandscapeLeft UIInterfaceOrientationLandscapeRight UIInterfaceOrientationPortrait UIInterfaceOrientationPortraitUpsideDown";
				LD_RUNPATH_SEARCH_PATHS = (
					"$(inherited)",
					"@executable_path/Frameworks",
				);
				MARKETING_VERSION = 1.0;
				PRODUCT_BUNDLE_IDENTIFIER = com.luthfiasmaraaa.ExpireMate;
				PRODUCT_NAME = "$(TARGET_NAME)";
				SWIFT_EMIT_LOC_STRINGS = YES;
				SWIFT_VERSION = 5.0;
				TARGETED_DEVICE_FAMILY = "1,2";
			};
			name = Release;
		};
/* End XCBuildConfiguration section */

/* Begin XCConfigurationList section */
		DE5B922629F78EE60027C8A8 /* Build configuration list for PBXProject "ExpireMate" */ = {
			isa = XCConfigurationList;
			buildConfigurations = (
				DE5B923D29F78EE60027C8A8 /* Debug */,
				DE5B923E29F78EE60027C8A8 /* Release */,
			);
			defaultConfigurationIsVisible = 0;
			defaultConfigurationName = Release;
		};
		DE5B923F29F78EE60027C8A8 /* Build configuration list for PBXNativeTarget "ExpireMate" */ = {
			isa = XCConfigurationList;
			buildConfigurations = (
				DE5B924029F78EE60027C8A8 /* Debug */,
				DE5B924129F78EE60027C8A8 /* Release */,
			);
			defaultConfigurationIsVisible = 0;
			defaultConfigurationName = Release;
		};
/* End XCConfigurationList section */

/* Begin XCRemoteSwiftPackageReference section */
		DE5B926629F8BFFE0027C8A8 /* XCRemoteSwiftPackageReference "CodeScanner" */ = {
			isa = XCRemoteSwiftPackageReference;
			repositoryURL = "https://github.com/twostraws/CodeScanner";
			requirement = {
				kind = upToNextMajorVersion;
				minimumVersion = 2.0.0;
			};
		};
		DEF54F0E2A1214E6005763B1 /* XCRemoteSwiftPackageReference "ChartView" */ = {
			isa = XCRemoteSwiftPackageReference;
			repositoryURL = "https://github.com/AppPear/ChartView";
			requirement = {
				kind = upToNextMajorVersion;
				minimumVersion = 1.0.0;
			};
		};
/* End XCRemoteSwiftPackageReference section */

/* Begin XCSwiftPackageProductDependency section */
		DE5B926729F8BFFE0027C8A8 /* CodeScanner */ = {
			isa = XCSwiftPackageProductDependency;
			package = DE5B926629F8BFFE0027C8A8 /* XCRemoteSwiftPackageReference "CodeScanner" */;
			productName = CodeScanner;
		};
		DEF54F0F2A1214E6005763B1 /* SwiftUICharts */ = {
			isa = XCSwiftPackageProductDependency;
			package = DEF54F0E2A1214E6005763B1 /* XCRemoteSwiftPackageReference "ChartView" */;
			productName = SwiftUICharts;
		};
/* End XCSwiftPackageProductDependency section */

/* Begin XCVersionGroup section */
		DE5B923929F78EE60027C8A8 /* ExpireMate.xcdatamodeld */ = {
			isa = XCVersionGroup;
			children = (
				DE5B923A29F78EE60027C8A8 /* ExpireMate.xcdatamodel */,
			);
			currentVersion = DE5B923A29F78EE60027C8A8 /* ExpireMate.xcdatamodel */;
			path = ExpireMate.xcdatamodeld;
			sourceTree = "<group>";
			versionGroupType = wrapper.xcdatamodel;
		};
/* End XCVersionGroup section */
	};
	rootObject = DE5B922329F78EE60027C8A8 /* Project object */;
}
